lockfileVersion: '9.0'

settings:
  autoInstallPeers: true
  excludeLinksFromLockfile: false

importers:
  .:
    devDependencies:
      '@types/node':
        specifier: ^22.10.5
        version: 22.10.5
      jsdom:
        specifier: ^25.0.1
        version: 25.0.1
      tsx:
        specifier: ^4.19.2
        version: 4.19.2
      typescript:
        specifier: ^5.7.2
        version: 5.7.2
      vitest:
        specifier: ^2.1.8
        version: 2.1.8
